// !$*UTF8*$!
{
	archiveVersion = 1;
	classes = {
	};
	objectVersion = 50;
	objects = {

/* Begin PBXBuildFile section */
		F71D11462679B51000E5401F /* AppDelegate.swift in Sources */ = {isa = PBXBuildFile; fileRef = F71D11452679B51000E5401F /* AppDelegate.swift */; };
		F71D11482679B51000E5401F /* SceneDelegate.swift in Sources */ = {isa = PBXBuildFile; fileRef = F71D11472679B51000E5401F /* SceneDelegate.swift */; };
		F71D114A2679B51000E5401F /* ViewController.swift in Sources */ = {isa = PBXBuildFile; fileRef = F71D11492679B51000E5401F /* ViewController.swift */; };
		F71D114D2679B51000E5401F /* Main.storyboard in Resources */ = {isa = PBXBuildFile; fileRef = F71D114B2679B51000E5401F /* Main.storyboard */; };
		F71D114F2679B51100E5401F /* Assets.xcassets in Resources */ = {isa = PBXBuildFile; fileRef = F71D114E2679B51100E5401F /* Assets.xcassets */; };
		F71D11522679B51100E5401F /* LaunchScreen.storyboard in Resources */ = {isa = PBXBuildFile; fileRef = F71D11502679B51100E5401F /* LaunchScreen.storyboard */; };
		F71D115B2679B84100E5401F /* SpeechRecognizer.swift in Sources */ = {isa = PBXBuildFile; fileRef = F71D115A2679B84100E5401F /* SpeechRecognizer.swift */; };
		F7DA397A267C6B5E000BCEBB /* SpeechRecognitionWithNextAndBack.swift in Sources */ = {isa = PBXBuildFile; fileRef = F7DA3979267C6B5E000BCEBB /* SpeechRecognitionWithNextAndBack.swift */; };
/* End PBXBuildFile section */

/* Begin PBXFileReference section */
		F71D11422679B51000E5401F /* SpeachRecognation.app */ = {isa = PBXFileReference; explicitFileType = wrapper.application; includeInIndex = 0; path = SpeachRecognation.app; sourceTree = BUILT_PRODUCTS_DIR; };
		F71D11452679B51000E5401F /* AppDelegate.swift */ = {isa = PBXFileReference; lastKnownFileType = sourcecode.swift; path = AppDelegate.swift; sourceTree = "<group>"; };
		F71D11472679B51000E5401F /* SceneDelegate.swift */ = {isa = PBXFileReference; lastKnownFileType = sourcecode.swift; path = SceneDelegate.swift; sourceTree = "<group>"; };
		F71D11492679B51000E5401F /* ViewController.swift */ = {isa = PBXFileReference; lastKnownFileType = sourcecode.swift; path = ViewController.swift; sourceTree = "<group>"; };
		F71D114C2679B51000E5401F /* Base */ = {isa = PBXFileReference; lastKnownFileType = file.storyboard; name = Base; path = Base.lproj/Main.storyboard; sourceTree = "<group>"; };
		F71D114E2679B51100E5401F /* Assets.xcassets */ = {isa = PBXFileReference; lastKnownFileType = folder.assetcatalog; path = Assets.xcassets; sourceTree = "<group>"; };
		F71D11512679B51100E5401F /* Base */ = {isa = PBXFileReference; lastKnownFileType = file.storyboard; name = Base; path = Base.lproj/LaunchScreen.storyboard; sourceTree = "<group>"; };
		F71D11532679B51100E5401F /* Info.plist */ = {isa = PBXFileReference; lastKnownFileType = text.plist.xml; path = Info.plist; sourceTree = "<group>"; };
		F71D115A2679B84100E5401F /* SpeechRecognizer.swift */ = {isa = PBXFileReference; lastKnownFileType = sourcecode.swift; path = SpeechRecognizer.swift; sourceTree = "<group>"; };
		F7DA3979267C6B5E000BCEBB /* SpeechRecognitionWithNextAndBack.swift */ = {isa = PBXFileReference; lastKnownFileType = sourcecode.swift; path = SpeechRecognitionWithNextAndBack.swift; sourceTree = "<group>"; };
/* End PBXFileReference section */

/* Begin PBXFrameworksBuildPhase section */
		F71D113F2679B51000E5401F /* Frameworks */ = {
			isa = PBXFrameworksBuildPhase;
			buildActionMask = 2147483647;
			files = (
			);
			runOnlyForDeploymentPostprocessing = 0;
		};
/* End PBXFrameworksBuildPhase section */

/* Begin PBXGroup section */
		F71D11392679B51000E5401F = {
			isa = PBXGroup;
			children = (
				F71D11442679B51000E5401F /* SpeachRecognation */,
				F71D11432679B51000E5401F /* Products */,
			);
			sourceTree = "<group>";
		};
		F71D11432679B51000E5401F /* Products */ = {
			isa = PBXGroup;
			children = (
				F71D11422679B51000E5401F /* SpeachRecognation.app */,
			);
			name = Products;
			sourceTree = "<group>";
		};
		F71D11442679B51000E5401F /* SpeachRecognation */ = {
			isa = PBXGroup;
			children = (
				F71D11452679B51000E5401F /* AppDelegate.swift */,
				F71D11472679B51000E5401F /* SceneDelegate.swift */,
				F71D11492679B51000E5401F /* ViewController.swift */,
				F71D114B2679B51000E5401F /* Main.storyboard */,
				F71D114E2679B51100E5401F /* Assets.xcassets */,
				F71D11502679B51100E5401F /* LaunchScreen.storyboard */,
				F71D11532679B51100E5401F /* Info.plist */,
				F71D115A2679B84100E5401F /* SpeechRecognizer.swift */,
				F7DA3979267C6B5E000BCEBB /* SpeechRecognitionWithNextAndBack.swift */,
			);
			path = SpeachRecognation;
			sourceTree = "<group>";
		};
/* End PBXGroup section */

/* Begin PBXNativeTarget section */
		F71D11412679B51000E5401F /* SpeachRecognation */ = {
			isa = PBXNativeTarget;
			buildConfigurationList = F71D11562679B51100E5401F /* Build configuration list for PBXNativeTarget "SpeachRecognation" */;
			buildPhases = (
				F71D113E2679B51000E5401F /* Sources */,
				F71D113F2679B51000E5401F /* Frameworks */,
				F71D11402679B51000E5401F /* Resources */,
			);
			buildRules = (
			);
			dependencies = (
			);
			name = SpeachRecognation;
			productName = SpeachRecognation;
			productReference = F71D11422679B51000E5401F /* SpeachRecognation.app */;
			productType = "com.apple.product-type.application";
		};
/* End PBXNativeTarget section */

/* Begin PBXProject section */
		F71D113A2679B51000E5401F /* Project object */ = {
			isa = PBXProject;
			attributes = {
				LastSwiftUpdateCheck = 1240;
				LastUpgradeCheck = 1240;
				TargetAttributes = {
					F71D11412679B51000E5401F = {
						CreatedOnToolsVersion = 12.4;
					};
				};
			};
			buildConfigurationList = F71D113D2679B51000E5401F /* Build configuration list for PBXProject "SpeachRecognation" */;
			compatibilityVersion = "Xcode 9.3";
			developmentRegion = en;
			hasScannedForEncodings = 0;
			knownRegions = (
				en,
				Base,
			);
			mainGroup = F71D11392679B51000E5401F;
			productRefGroup = F71D11432679B51000E5401F /* Products */;
			projectDirPath = "";
			projectRoot = "";
			targets = (
				F71D11412679B51000E5401F /* SpeachRecognation */,
			);
		};
/* End PBXProject section */

/* Begin PBXResourcesBuildPhase section */
		F71D11402679B51000E5401F /* Resources */ = {
			isa = PBXResourcesBuildPhase;
			buildActionMask = 2147483647;
			files = (
				F71D11522679B51100E5401F /* LaunchScreen.storyboard in Resources */,
				F71D114F2679B51100E5401F /* Assets.xcassets in Resources */,
				F71D114D2679B51000E5401F /* Main.storyboard in Resources */,
			);
			runOnlyForDeploymentPostprocessing = 0;
		};
/* End PBXResourcesBuildPhase section */

/* Begin PBXSourcesBuildPhase section */
		F71D113E2679B51000E5401F /* Sources */ = {
			isa = PBXSourcesBuildPhase;
			buildActionMask = 2147483647;
			files = (
				F71D114A2679B51000E5401F /* ViewController.swift in Sources */,
				F71D115B2679B84100E5401F /* SpeechRecognizer.swift in Sources */,
				F7DA397A267C6B5E000BCEBB /* SpeechRecognitionWithNextAndBack.swift in Sources */,
				F71D11462679B51000E5401F /* AppDelegate.swift in Sources */,
				F71D11482679B51000E5401F /* SceneDelegate.swift in Sources */,
			);
			runOnlyForDeploymentPostprocessing = 0;
		};
/* End PBXSourcesBuildPhase section */

/* Begin PBXVariantGroup section */
		F71D114B2679B51000E5401F /* Main.storyboard */ = {
			isa = PBXVariantGroup;
			children = (
				F71D114C2679B51000E5401F /* Base */,
			);
			name = Main.storyboard;
			sourceTree = "<group>";
		};
		F71D11502679B51100E5401F /* LaunchScreen.storyboard */ = {
			isa = PBXVariantGroup;
			children = (
				F71D11512679B51100E5401F /* Base */,
			);
			name = LaunchScreen.storyboard;
			sourceTree = "<group>";
		};
/* End PBXVariantGroup section */

/* Begin XCBuildConfiguration section */
		F71D11542679B51100E5401F /* Debug */ = {
			isa = XCBuildConfiguration;
			buildSettings = {
				ALWAYS_SEARCH_USER_PATHS = NO;
				CLANG_ANALYZER_NONNULL = YES;
				CLANG_ANALYZER_NUMBER_OBJECT_CONVERSION = YES_AGGRESSIVE;
				CLANG_CXX_LANGUAGE_STANDARD = "gnu++14";
				CLANG_CXX_LIBRARY = "libc++";
				CLANG_ENABLE_MODULES = YES;
				CLANG_ENABLE_OBJC_ARC = YES;
				CLANG_ENABLE_OBJC_WEAK = YES;
				CLANG_WARN_BLOCK_CAPTURE_AUTORELEASING = YES;
				CLANG_WARN_BOOL_CONVERSION = YES;
				CLANG_WARN_COMMA = YES;
				CLANG_WARN_CONSTANT_CONVERSION = YES;
				CLANG_WARN_DEPRECATED_OBJC_IMPLEMENTATIONS = YES;
				CLANG_WARN_DIRECT_OBJC_ISA_USAGE = YES_ERROR;
				CLANG_WARN_DOCUMENTATION_COMMENTS = YES;
				CLANG_WARN_EMPTY_BODY = YES;
				CLANG_WARN_ENUM_CONVERSION = YES;
				CLANG_WARN_INFINITE_RECURSION = YES;
				CLANG_WARN_INT_CONVERSION = YES;
				CLANG_WARN_NON_LITERAL_NULL_CONVERSION = YES;
				CLANG_WARN_OBJC_IMPLICIT_RETAIN_SELF = YES;
				CLANG_WARN_OBJC_LITERAL_CONVERSION = YES;
				CLANG_WARN_OBJC_ROOT_CLASS = YES_ERROR;
				CLANG_WARN_QUOTED_INCLUDE_IN_FRAMEWORK_HEADER = YES;
				CLANG_WARN_RANGE_LOOP_ANALYSIS = YES;
				CLANG_WARN_STRICT_PROTOTYPES = YES;
				CLANG_WARN_SUSPICIOUS_MOVE = YES;
				CLANG_WARN_UNGUARDED_AVAILABILITY = YES_AGGRESSIVE;
				CLANG_WARN_UNREACHABLE_CODE = YES;
				CLANG_WARN__DUPLICATE_METHOD_MATCH = YES;
				COPY_PHASE_STRIP = NO;
				DEBUG_INFORMATION_FORMAT = dwarf;
				ENABLE_STRICT_OBJC_MSGSEND = YES;
				ENABLE_TESTABILITY = YES;
				GCC_C_LANGUAGE_STANDARD = gnu11;
				GCC_DYNAMIC_NO_PIC = NO;
				GCC_NO_COMMON_BLOCKS = YES;
				GCC_OPTIMIZATION_LEVEL = 0;
				GCC_PREPROCESSOR_DEFINITIONS = (
					"DEBUG=1",
					"$(inherited)",
				);
				GCC_WARN_64_TO_32_BIT_CONVERSION = YES;
				GCC_WARN_ABOUT_RETURN_TYPE = YES_ERROR;
				GCC_WARN_UNDECLARED_SELECTOR = YES;
				GCC_WARN_UNINITIALIZED_AUTOS = YES_AGGRESSIVE;
				GCC_WARN_UNUSED_FUNCTION = YES;
				GCC_WARN_UNUSED_VARIABLE = YES;
				IPHONEOS_DEPLOYMENT_TARGET = 14.4;
				MTL_ENABLE_DEBUG_INFO = INCLUDE_SOURCE;
				MTL_FAST_MATH = YES;
				ONLY_ACTIVE_ARCH = YES;
				SDKROOT = iphoneos;
				SWIFT_ACTIVE_COMPILATION_CONDITIONS = DEBUG;
				SWIFT_OPTIMIZATION_LEVEL = "-Onone";
			};
			name = Debug;
		};
		F71D11552679B51100E5401F /* Release */ = {
			isa = XCBuildConfiguration;
			buildSettings = {
				ALWAYS_SEARCH_USER_PATHS = NO;
				CLANG_ANALYZER_NONNULL = YES;
				CLANG_ANALYZER_NUMBER_OBJECT_CONVERSION = YES_AGGRESSIVE;
				CLANG_CXX_LANGUAGE_STANDARD = "gnu++14";
				CLANG_CXX_LIBRARY = "libc++";
				CLANG_ENABLE_MODULES = YES;
				CLANG_ENABLE_OBJC_ARC = YES;
				CLANG_ENABLE_OBJC_WEAK = YES;
				CLANG_WARN_BLOCK_CAPTURE_AUTORELEASING = YES;
				CLANG_WARN_BOOL_CONVERSION = YES;
				CLANG_WARN_COMMA = YES;
				CLANG_WARN_CONSTANT_CONVERSION = YES;
				CLANG_WARN_DEPRECATED_OBJC_IMPLEMENTATIONS = YES;
				CLANG_WARN_DIRECT_OBJC_ISA_USAGE = YES_ERROR;
				CLANG_WARN_DOCUMENTATION_COMMENTS = YES;
				CLANG_WARN_EMPTY_BODY = YES;
				CLANG_WARN_ENUM_CONVERSION = YES;
				CLANG_WARN_INFINITE_RECURSION = YES;
				CLANG_WARN_INT_CONVERSION = YES;
				CLANG_WARN_NON_LITERAL_NULL_CONVERSION = YES;
				CLANG_WARN_OBJC_IMPLICIT_RETAIN_SELF = YES;
				CLANG_WARN_OBJC_LITERAL_CONVERSION = YES;
				CLANG_WARN_OBJC_ROOT_CLASS = YES_ERROR;
				CLANG_WARN_QUOTED_INCLUDE_IN_FRAMEWORK_HEADER = YES;
				CLANG_WARN_RANGE_LOOP_ANALYSIS = YES;
				CLANG_WARN_STRICT_PROTOTYPES = YES;
				CLANG_WARN_SUSPICIOUS_MOVE = YES;
				CLANG_WARN_UNGUARDED_AVAILABILITY = YES_AGGRESSIVE;
				CLANG_WARN_UNREACHABLE_CODE = YES;
				CLANG_WARN__DUPLICATE_METHOD_MATCH = YES;
				COPY_PHASE_STRIP = NO;
				DEBUG_INFORMATION_FORMAT = "dwarf-with-dsym";
				ENABLE_NS_ASSERTIONS = NO;
				ENABLE_STRICT_OBJC_MSGSEND = YES;
				GCC_C_LANGUAGE_STANDARD = gnu11;
				GCC_NO_COMMON_BLOCKS = YES;
				GCC_WARN_64_TO_32_BIT_CONVERSION = YES;
				GCC_WARN_ABOUT_RETURN_TYPE = YES_ERROR;
				GCC_WARN_UNDECLARED_SELECTOR = YES;
				GCC_WARN_UNINITIALIZED_AUTOS = YES_AGGRESSIVE;
				GCC_WARN_UNUSED_FUNCTION = YES;
				GCC_WARN_UNUSED_VARIABLE = YES;
				IPHONEOS_DEPLOYMENT_TARGET = 14.4;
				MTL_ENABLE_DEBUG_INFO = NO;
				MTL_FAST_MATH = YES;
				SDKROOT = iphoneos;
				SWIFT_COMPILATION_MODE = wholemodule;
				SWIFT_OPTIMIZATION_LEVEL = "-O";
				VALIDATE_PRODUCT = YES;
			};
			name = Release;
		};
		F71D11572679B51100E5401F /* Debug */ = {
			isa = XCBuildConfiguration;
			buildSettings = {
				ASSETCATALOG_COMPILER_APPICON_NAME = AppIcon;
				ASSETCATALOG_COMPILER_GLOBAL_ACCENT_COLOR_NAME = AccentColor;
				CODE_SIGN_STYLE = Automatic;
				DEVELOPMENT_TEAM = GW42C65689;
				INFOPLIST_FILE = SpeachRecognation/Info.plist;
				LD_RUNPATH_SEARCH_PATHS = (
					"$(inherited)",
					"@executable_path/Frameworks",
				);
				PRODUCT_BUNDLE_IDENTIFIER = com.thengoding.speach.recognation.SpeachRecognation;
				PRODUCT_NAME = "$(TARGET_NAME)";
				SWIFT_VERSION = 5.0;
				TARGETED_DEVICE_FAMILY = "1,2";
			};
			name = Debug;
		};
		F71D11582679B51100E5401F /* Release */ = {
			isa = XCBuildConfiguration;
			buildSettings = {
				ASSETCATALOG_COMPILER_APPICON_NAME = AppIcon;
				ASSETCATALOG_COMPILER_GLOBAL_ACCENT_COLOR_NAME = AccentColor;
				CODE_SIGN_STYLE = Automatic;
				DEVELOPMENT_TEAM = GW42C65689;
				INFOPLIST_FILE = SpeachRecognation/Info.plist;
				LD_RUNPATH_SEARCH_PATHS = (
					"$(inherited)",
					"@executable_path/Frameworks",
				);
				PRODUCT_BUNDLE_IDENTIFIER = com.thengoding.speach.recognation.SpeachRecognation;
				PRODUCT_NAME = "$(TARGET_NAME)";
				SWIFT_VERSION = 5.0;
				TARGETED_DEVICE_FAMILY = "1,2";
			};
			name = Release;
		};
/* End XCBuildConfiguration section */

/* Begin XCConfigurationList section */
		F71D113D2679B51000E5401F /* Build configuration list for PBXProject "SpeachRecognation" */ = {
			isa = XCConfigurationList;
			buildConfigurations = (
				F71D11542679B51100E5401F /* Debug */,
				F71D11552679B51100E5401F /* Release */,
			);
			defaultConfigurationIsVisible = 0;
			defaultConfigurationName = Release;
		};
		F71D11562679B51100E5401F /* Build configuration list for PBXNativeTarget "SpeachRecognation" */ = {
			isa = XCConfigurationList;
			buildConfigurations = (
				F71D11572679B51100E5401F /* Debug */,
				F71D11582679B51100E5401F /* Release */,
			);
			defaultConfigurationIsVisible = 0;
			defaultConfigurationName = Release;
		};
/* End XCConfigurationList section */
	};
	rootObject = F71D113A2679B51000E5401F /* Project object */;
}
